
Microsoft Visual Studio Solution File, Format Version 12.00
# Visual Studio 14
VisualStudioVersion = 14.0.25123.0
MinimumVisualStudioVersion = 10.0.40219.1
Project("{CC5FD16D-436D-48AD-A40C-5A424C6E3E79}") = "pa2cloud", "pa2cloud\pa2cloud.ccproj", "{CA13B067-A2B8-4771-9DFB-A8E6D76BE85E}"
EndProject
Project("{FAE04EC0-301F-11D3-BF4B-00C04F79EFBC}") = "WebRole1", "WebRole1\WebRole1.csproj", "{82329F8F-9EB8-4983-AD7F-BC6BA93DF551}"
EndProject
Global
	GlobalSection(SolutionConfigurationPlatforms) = preSolution
		Debug|Any CPU = Debug|Any CPU
		Release|Any CPU = Release|Any CPU
	EndGlobalSection
	GlobalSection(ProjectConfigurationPlatforms) = postSolution
		{CA13B067-A2B8-4771-9DFB-A8E6D76BE85E}.Debug|Any CPU.ActiveCfg = Debug|Any CPU
		{CA13B067-A2B8-4771-9DFB-A8E6D76BE85E}.Debug|Any CPU.Build.0 = Debug|Any CPU
		{CA13B067-A2B8-4771-9DFB-A8E6D76BE85E}.Release|Any CPU.ActiveCfg = Release|Any CPU
		{CA13B067-A2B8-4771-9DFB-A8E6D76BE85E}.Release|Any CPU.Build.0 = Release|Any CPU
		{82329F8F-9EB8-4983-AD7F-BC6BA93DF551}.Debug|Any CPU.ActiveCfg = Debug|Any CPU
		{82329F8F-9EB8-4983-AD7F-BC6BA93DF551}.Debug|Any CPU.Build.0 = Debug|Any CPU
		{82329F8F-9EB8-4983-AD7F-BC6BA93DF551}.Release|Any CPU.ActiveCfg = Release|Any CPU
		{82329F8F-9EB8-4983-AD7F-BC6BA93DF551}.Release|Any CPU.Build.0 = Release|Any CPU
	EndGlobalSection
	GlobalSection(SolutionProperties) = preSolution
		HideSolutionNode = FALSE
	EndGlobalSection
EndGlobal
